
Microsoft Visual Studio Solution File, Format Version 12.00
# Visual Studio Version 16
VisualStudioVersion = 16.0.31205.134
MinimumVisualStudioVersion = 10.0.40219.1
Project("{FAE04EC0-301F-11D3-BF4B-00C04F79EFBC}") = "FeesManagement", "FeesManagement.csproj", "{822E0D88-CEBD-4CC4-9834-552170849361}"
EndProject
Global
	GlobalSection(SolutionConfigurationPlatforms) = preSolution
		Debug|Any CPU = Debug|Any CPU
		Release|Any CPU = Release|Any CPU
	EndGlobalSection
	GlobalSection(ProjectConfigurationPlatforms) = postSolution
		{822E0D88-CEBD-4CC4-9834-552170849361}.Debug|Any CPU.ActiveCfg = Debug|Any CPU
		{822E0D88-CEBD-4CC4-9834-552170849361}.Debug|Any CPU.Build.0 = Debug|Any CPU
		{822E0D88-CEBD-4CC4-9834-552170849361}.Release|Any CPU.ActiveCfg = Release|Any CPU
		{822E0D88-CEBD-4CC4-9834-552170849361}.Release|Any CPU.Build.0 = Release|Any CPU
	EndGlobalSection
	GlobalSection(SolutionProperties) = preSolution
		HideSolutionNode = FALSE
	EndGlobalSection
	GlobalSection(ExtensibilityGlobals) = postSolution
		SolutionGuid = {E85A6190-744E-4C70-96F0-1E4C08E0207C}
	EndGlobalSection
EndGlobal
